
Microsoft Visual Studio Solution File, Format Version 12.00
# Visual Studio Version 16
VisualStudioVersion = 16.0.32630.194
MinimumVisualStudioVersion = 10.0.40219.1
Project("{FAE04EC0-301F-11D3-BF4B-00C04F79EFBC}") = "proyecto_1", "primer_programa\proyecto_1.csproj", "{2BAC2694-5B48-4E6B-AB39-D204CE878209}"
EndProject
Project("{FAE04EC0-301F-11D3-BF4B-00C04F79EFBC}") = "proyecto_3", "segundo_programa\proyecto_3.csproj", "{A3DCF1F8-7A1A-4DA5-82D4-D4B4A9145028}"
EndProject
Project("{FAE04EC0-301F-11D3-BF4B-00C04F79EFBC}") = "proyecto_2", "tercer_programa\proyecto_2.csproj", "{038E6266-1D78-470C-882F-90EBD5723CA4}"
EndProject
Project("{FAE04EC0-301F-11D3-BF4B-00C04F79EFBC}") = "proyecto_4", "cuarto_proyecto\proyecto_4.csproj", "{4E7133D6-F1BE-46D2-8469-A7BA4A0FC8AB}"
EndProject
Project("{FAE04EC0-301F-11D3-BF4B-00C04F79EFBC}") = "proyecto_5", "proyecto_5\proyecto_5.csproj", "{7EC095A0-C27D-49D2-A5AE-464B4A616DC4}"
EndProject
Global
	GlobalSection(SolutionConfigurationPlatforms) = preSolution
		Debug|Any CPU = Debug|Any CPU
		Release|Any CPU = Release|Any CPU
	EndGlobalSection
	GlobalSection(ProjectConfigurationPlatforms) = postSolution
		{2BAC2694-5B48-4E6B-AB39-D204CE878209}.Debug|Any CPU.ActiveCfg = Debug|Any CPU
		{2BAC2694-5B48-4E6B-AB39-D204CE878209}.Debug|Any CPU.Build.0 = Debug|Any CPU
		{2BAC2694-5B48-4E6B-AB39-D204CE878209}.Release|Any CPU.ActiveCfg = Release|Any CPU
		{2BAC2694-5B48-4E6B-AB39-D204CE878209}.Release|Any CPU.Build.0 = Release|Any CPU
		{A3DCF1F8-7A1A-4DA5-82D4-D4B4A9145028}.Debug|Any CPU.ActiveCfg = Debug|Any CPU
		{A3DCF1F8-7A1A-4DA5-82D4-D4B4A9145028}.Debug|Any CPU.Build.0 = Debug|Any CPU
		{A3DCF1F8-7A1A-4DA5-82D4-D4B4A9145028}.Release|Any CPU.ActiveCfg = Release|Any CPU
		{A3DCF1F8-7A1A-4DA5-82D4-D4B4A9145028}.Release|Any CPU.Build.0 = Release|Any CPU
		{038E6266-1D78-470C-882F-90EBD5723CA4}.Debug|Any CPU.ActiveCfg = Debug|Any CPU
		{038E6266-1D78-470C-882F-90EBD5723CA4}.Debug|Any CPU.Build.0 = Debug|Any CPU
		{038E6266-1D78-470C-882F-90EBD5723CA4}.Release|Any CPU.ActiveCfg = Release|Any CPU
		{038E6266-1D78-470C-882F-90EBD5723CA4}.Release|Any CPU.Build.0 = Release|Any CPU
		{4E7133D6-F1BE-46D2-8469-A7BA4A0FC8AB}.Debug|Any CPU.ActiveCfg = Debug|Any CPU
		{4E7133D6-F1BE-46D2-8469-A7BA4A0FC8AB}.Debug|Any CPU.Build.0 = Debug|Any CPU
		{4E7133D6-F1BE-46D2-8469-A7BA4A0FC8AB}.Release|Any CPU.ActiveCfg = Release|Any CPU
		{4E7133D6-F1BE-46D2-8469-A7BA4A0FC8AB}.Release|Any CPU.Build.0 = Release|Any CPU
		{7EC095A0-C27D-49D2-A5AE-464B4A616DC4}.Debug|Any CPU.ActiveCfg = Debug|Any CPU
		{7EC095A0-C27D-49D2-A5AE-464B4A616DC4}.Debug|Any CPU.Build.0 = Debug|Any CPU
		{7EC095A0-C27D-49D2-A5AE-464B4A616DC4}.Release|Any CPU.ActiveCfg = Release|Any CPU
		{7EC095A0-C27D-49D2-A5AE-464B4A616DC4}.Release|Any CPU.Build.0 = Release|Any CPU
	EndGlobalSection
	GlobalSection(SolutionProperties) = preSolution
		HideSolutionNode = FALSE
	EndGlobalSection
	GlobalSection(ExtensibilityGlobals) = postSolution
		SolutionGuid = {424BCDB8-1482-4DEB-90EC-B024C8C28240}
	EndGlobalSection
EndGlobal
